
Microsoft Visual Studio Solution File, Format Version 12.00
# Visual Studio Version 16
VisualStudioVersion = 16.0.30621.155
MinimumVisualStudioVersion = 10.0.40219.1
Project("{8BC9CEB8-8B4A-11D0-8D11-00A0C91BC942}") = "OpenGL", "OpenGL\OpenGL.vcxproj", "{E3090915-C3AB-43A8-8FEF-0F432F826C89}"
EndProject
Global
	GlobalSection(SolutionConfigurationPlatforms) = preSolution
		Debug|x64 = Debug|x64
		Debug|x86 = Debug|x86
		Release|x64 = Release|x64
		Release|x86 = Release|x86
	EndGlobalSection
	GlobalSection(ProjectConfigurationPlatforms) = postSolution
		{E3090915-C3AB-43A8-8FEF-0F432F826C89}.Debug|x64.ActiveCfg = Debug|x64
		{E3090915-C3AB-43A8-8FEF-0F432F826C89}.Debug|x64.Build.0 = Debug|x64
		{E3090915-C3AB-43A8-8FEF-0F432F826C89}.Debug|x86.ActiveCfg = Debug|Win32
		{E3090915-C3AB-43A8-8FEF-0F432F826C89}.Debug|x86.Build.0 = Debug|Win32
		{E3090915-C3AB-43A8-8FEF-0F432F826C89}.Release|x64.ActiveCfg = Release|x64
		{E3090915-C3AB-43A8-8FEF-0F432F826C89}.Release|x64.Build.0 = Release|x64
		{E3090915-C3AB-43A8-8FEF-0F432F826C89}.Release|x86.ActiveCfg = Release|Win32
		{E3090915-C3AB-43A8-8FEF-0F432F826C89}.Release|x86.Build.0 = Release|Win32
	EndGlobalSection
	GlobalSection(SolutionProperties) = preSolution
		HideSolutionNode = FALSE
	EndGlobalSection
	GlobalSection(ExtensibilityGlobals) = postSolution
		SolutionGuid = {F8E229DC-0483-42AC-91FA-86E944E282BF}
	EndGlobalSection
EndGlobal
